// !$*UTF8*$!
{
	archiveVersion = 1;
	classes = {
	};
	objectVersion = 60;
	objects = {

/* Begin PBXBuildFile section */
		92132FD92ACCBB5400FFFDFF /* MessageBlock.swift in Sources */ = {isa = PBXBuildFile; fileRef = 92132FD82ACCBB5400FFFDFF /* MessageBlock.swift */; };
		922313FB2AA6356700F55F30 /* VideoQueueListView.swift in Sources */ = {isa = PBXBuildFile; fileRef = 922313FA2AA6356700F55F30 /* VideoQueueListView.swift */; };
		922E0D202A9BA58E0023980B /* ContentGridView.swift in Sources */ = {isa = PBXBuildFile; fileRef = 922E0D1F2A9BA58E0023980B /* ContentGridView.swift */; };
		922E0D222A9BA6A00023980B /* VideoGridItem.swift in Sources */ = {isa = PBXBuildFile; fileRef = 922E0D212A9BA6A00023980B /* VideoGridItem.swift */; };
		922E0D242A9BAE870023980B /* ChannelView.swift in Sources */ = {isa = PBXBuildFile; fileRef = 922E0D232A9BAE870023980B /* ChannelView.swift */; };
		922E0D262A9BB8330023980B /* AsyncOverlayView.swift in Sources */ = {isa = PBXBuildFile; fileRef = 922E0D252A9BB8330023980B /* AsyncOverlayView.swift */; };
		922E0D292A9BB9920023980B /* View.swift in Sources */ = {isa = PBXBuildFile; fileRef = 922E0D282A9BB9920023980B /* View.swift */; };
		922E0D2B2A9BBBEE0023980B /* VideoPlayerView.swift in Sources */ = {isa = PBXBuildFile; fileRef = 922E0D2A2A9BBBEE0023980B /* VideoPlayerView.swift */; };
		922E0D2D2A9BD2E10023980B /* VideoDetailsView.swift in Sources */ = {isa = PBXBuildFile; fileRef = 922E0D2C2A9BD2E10023980B /* VideoDetailsView.swift */; };
		922E0D2F2A9BD9860023980B /* VideoListItemView.swift in Sources */ = {isa = PBXBuildFile; fileRef = 922E0D2E2A9BD9860023980B /* VideoListItemView.swift */; };
		922E0D312A9BDAD70023980B /* ThumbnailView.swift in Sources */ = {isa = PBXBuildFile; fileRef = 922E0D302A9BDAD70023980B /* ThumbnailView.swift */; };
		922E0D332A9BEFF50023980B /* CommentsView.swift in Sources */ = {isa = PBXBuildFile; fileRef = 922E0D322A9BEFF50023980B /* CommentsView.swift */; };
		922E0D352A9C36440023980B /* ImageView.swift in Sources */ = {isa = PBXBuildFile; fileRef = 922E0D342A9C36440023980B /* ImageView.swift */; };
		922E0D392A9C3AF00023980B /* ChannelHeaderView.swift in Sources */ = {isa = PBXBuildFile; fileRef = 922E0D382A9C3AF00023980B /* ChannelHeaderView.swift */; };
		922E0D3B2A9C3B9C0023980B /* ChannelVideosView.swift in Sources */ = {isa = PBXBuildFile; fileRef = 922E0D3A2A9C3B9C0023980B /* ChannelVideosView.swift */; };
		922E0D3E2A9C44A50023980B /* ChannelPlaylistsView.swift in Sources */ = {isa = PBXBuildFile; fileRef = 922E0D3D2A9C44A50023980B /* ChannelPlaylistsView.swift */; };
		922E0D422A9C459C0023980B /* PlaylistItemView.swift in Sources */ = {isa = PBXBuildFile; fileRef = 922E0D412A9C459C0023980B /* PlaylistItemView.swift */; };
		922E0D472A9C48E40023980B /* PlaylistView.swift in Sources */ = {isa = PBXBuildFile; fileRef = 922E0D462A9C48E40023980B /* PlaylistView.swift */; };
		922E0D4A2A9C4C890023980B /* Following.swift in Sources */ = {isa = PBXBuildFile; fileRef = 922E0D492A9C4C890023980B /* Following.swift */; };
		922E0D4C2A9C4DDF0023980B /* FollowButton.swift in Sources */ = {isa = PBXBuildFile; fileRef = 922E0D4B2A9C4DDF0023980B /* FollowButton.swift */; };
		922E0D4E2A9C544C0023980B /* SearchResultsView.swift in Sources */ = {isa = PBXBuildFile; fileRef = 922E0D4D2A9C544C0023980B /* SearchResultsView.swift */; };
		922E0D502A9C5BC00023980B /* FeedView.swift in Sources */ = {isa = PBXBuildFile; fileRef = 922E0D4F2A9C5BC00023980B /* FeedView.swift */; };
		923B9C552A9B88920060FC9F /* TubeApp.swift in Sources */ = {isa = PBXBuildFile; fileRef = 923B9C542A9B88920060FC9F /* TubeApp.swift */; };
		923B9C592A9B88950060FC9F /* Assets.xcassets in Resources */ = {isa = PBXBuildFile; fileRef = 923B9C582A9B88950060FC9F /* Assets.xcassets */; };
		923B9C5D2A9B88950060FC9F /* Preview Assets.xcassets in Resources */ = {isa = PBXBuildFile; fileRef = 923B9C5C2A9B88950060FC9F /* Preview Assets.xcassets */; };
		923B9C672A9B9A930060FC9F /* RootView.swift in Sources */ = {isa = PBXBuildFile; fileRef = 923B9C662A9B9A930060FC9F /* RootView.swift */; };
		923B9C692A9B9B190060FC9F /* VideoView.swift in Sources */ = {isa = PBXBuildFile; fileRef = 923B9C682A9B9B190060FC9F /* VideoView.swift */; };
		923B9C6D2A9B9B640060FC9F /* VideoQueue.swift in Sources */ = {isa = PBXBuildFile; fileRef = 923B9C6C2A9B9B640060FC9F /* VideoQueue.swift */; };
		923B9C722A9BA0A80060FC9F /* InvidiousKit in Frameworks */ = {isa = PBXBuildFile; productRef = 923B9C712A9BA0A80060FC9F /* InvidiousKit */; };
		9259D0F92ACF156800709DBB /* SettingsView.swift in Sources */ = {isa = PBXBuildFile; fileRef = 9259D0F82ACF156800709DBB /* SettingsView.swift */; };
		9282873E2AA5079800BEE10C /* OpenVideoPlayerAction.swift in Sources */ = {isa = PBXBuildFile; fileRef = 9282873D2AA5079800BEE10C /* OpenVideoPlayerAction.swift */; };
		928287402AA5647A00BEE10C /* VideoThumbnailTag.swift in Sources */ = {isa = PBXBuildFile; fileRef = 9282873F2AA5647A00BEE10C /* VideoThumbnailTag.swift */; };
		928287422AA585DB00BEE10C /* VideoMiniplayerView.swift in Sources */ = {isa = PBXBuildFile; fileRef = 928287412AA585DB00BEE10C /* VideoMiniplayerView.swift */; };
		92931D032A9DA308004993D5 /* README.md in Resources */ = {isa = PBXBuildFile; fileRef = 92931D022A9DA308004993D5 /* README.md */; };
		92B364082AD0594C00AB2696 /* Settings.swift in Sources */ = {isa = PBXBuildFile; fileRef = 92B364072AD0594C00AB2696 /* Settings.swift */; };
		92B3640A2AD05F6500AB2696 /* OnboardingView.swift in Sources */ = {isa = PBXBuildFile; fileRef = 92B364092AD05F6500AB2696 /* OnboardingView.swift */; };
		92B3640C2AD060A200AB2696 /* HorizontalSwiperVideoCard.swift in Sources */ = {isa = PBXBuildFile; fileRef = 92B3640B2AD060A200AB2696 /* HorizontalSwiperVideoCard.swift */; };
		92B3640E2AD060C700AB2696 /* FollowedChannelFeedView.swift in Sources */ = {isa = PBXBuildFile; fileRef = 92B3640D2AD060C700AB2696 /* FollowedChannelFeedView.swift */; };
		AC13D7462C76253100EDA9A7 /* LoadingView.swift in Sources */ = {isa = PBXBuildFile; fileRef = AC13D7452C76253100EDA9A7 /* LoadingView.swift */; };
		AC13D7482C775F7100EDA9A7 /* ThumbnailView.swift in Sources */ = {isa = PBXBuildFile; fileRef = AC13D7472C775F7100EDA9A7 /* ThumbnailView.swift */; };
		AC13D74A2C77618600EDA9A7 /* CachedAsyncImage.swift in Sources */ = {isa = PBXBuildFile; fileRef = AC13D7492C77618600EDA9A7 /* CachedAsyncImage.swift */; };
		AC13D7592C82A4FF00EDA9A7 /* SavedVideo.swift in Sources */ = {isa = PBXBuildFile; fileRef = AC13D7582C82A4FF00EDA9A7 /* SavedVideo.swift */; };
		AC13D75B2C82A68300EDA9A7 /* SavedVideosView.swift in Sources */ = {isa = PBXBuildFile; fileRef = AC13D75A2C82A68300EDA9A7 /* SavedVideosView.swift */; };
		AC1FE1CD2C1CDB0C0084AB66 /* OnboardingView.swift in Sources */ = {isa = PBXBuildFile; fileRef = 92B364092AD05F6500AB2696 /* OnboardingView.swift */; };
		AC1FE1D02C1D15AD0084AB66 /* MessageBlock.swift in Sources */ = {isa = PBXBuildFile; fileRef = 92132FD82ACCBB5400FFFDFF /* MessageBlock.swift */; };
		AC1FE1D22C1D15BD0084AB66 /* FollowedChannelsCombinedView.swift in Sources */ = {isa = PBXBuildFile; fileRef = ACF7FD802C1C9FDD00C9EDB9 /* FollowedChannelsCombinedView.swift */; };
		AC1FE1D52C1D16AC0084AB66 /* VideoThumbnailTag.swift in Sources */ = {isa = PBXBuildFile; fileRef = 9282873F2AA5647A00BEE10C /* VideoThumbnailTag.swift */; };
		AC1FE1DB2C1D19BD0084AB66 /* ImageView.swift in Sources */ = {isa = PBXBuildFile; fileRef = 922E0D342A9C36440023980B /* ImageView.swift */; };
		AC1FE1DC2C1D19D30084AB66 /* FollowButton.swift in Sources */ = {isa = PBXBuildFile; fileRef = 922E0D4B2A9C4DDF0023980B /* FollowButton.swift */; };
		AC1FE1E32C1F27020084AB66 /* View.swift in Sources */ = {isa = PBXBuildFile; fileRef = 922E0D282A9BB9920023980B /* View.swift */; };
		AC1FE1E42C1F270D0084AB66 /* AsyncOverlayView.swift in Sources */ = {isa = PBXBuildFile; fileRef = 922E0D252A9BB8330023980B /* AsyncOverlayView.swift */; };
		AC1FE1E52C1F27240084AB66 /* VideoListItemView.swift in Sources */ = {isa = PBXBuildFile; fileRef = 922E0D2E2A9BD9860023980B /* VideoListItemView.swift */; };
		AC1FE1EB2C1F27C20084AB66 /* CommentsView.swift in Sources */ = {isa = PBXBuildFile; fileRef = 922E0D322A9BEFF50023980B /* CommentsView.swift */; };
		AC1FE1F02C1F28650084AB66 /* SettingsView.swift in Sources */ = {isa = PBXBuildFile; fileRef = 9259D0F82ACF156800709DBB /* SettingsView.swift */; };
		AC4C01D72C652BDB00513555 /* ChannelPlaylistsView.swift in Sources */ = {isa = PBXBuildFile; fileRef = AC4C01D62C652BDB00513555 /* ChannelPlaylistsView.swift */; };
		AC4C01D92C652C4500513555 /* PlaylistItemView.swift in Sources */ = {isa = PBXBuildFile; fileRef = AC4C01D82C652C4500513555 /* PlaylistItemView.swift */; };
		AC4C01DD2C6543EE00513555 /* PlaylistView.swift in Sources */ = {isa = PBXBuildFile; fileRef = AC4C01DC2C6543EE00513555 /* PlaylistView.swift */; };
		AC4C01E72C75349400513555 /* OpenVideoPlayerAction.swift in Sources */ = {isa = PBXBuildFile; fileRef = AC4C01E62C75349400513555 /* OpenVideoPlayerAction.swift */; };
		ACB32E7E2C1FDD7E00C540BB /* RootView.swift in Sources */ = {isa = PBXBuildFile; fileRef = ACB32E7D2C1FDD7E00C540BB /* RootView.swift */; };
		ACB32E802C2068A700C540BB /* SearchView.swift in Sources */ = {isa = PBXBuildFile; fileRef = ACB32E7F2C2068A600C540BB /* SearchView.swift */; };
		ACB32E822C20715200C540BB /* SearchResultsView.swift in Sources */ = {isa = PBXBuildFile; fileRef = ACB32E812C20715200C540BB /* SearchResultsView.swift */; };
		ACB32E842C20900000C540BB /* VideoCard.swift in Sources */ = {isa = PBXBuildFile; fileRef = ACB32E832C20900000C540BB /* VideoCard.swift */; };
		ACB32E862C20B14300C540BB /* ChannelCard.swift in Sources */ = {isa = PBXBuildFile; fileRef = ACB32E852C20B14300C540BB /* ChannelCard.swift */; };
		ACB32E882C20CADE00C540BB /* FeedView.swift in Sources */ = {isa = PBXBuildFile; fileRef = ACB32E872C20CADE00C540BB /* FeedView.swift */; };
		ACB32E8A2C2126A600C540BB /* SubscriptionsView.swift in Sources */ = {isa = PBXBuildFile; fileRef = ACB32E892C2126A600C540BB /* SubscriptionsView.swift */; };
		ACB32E8C2C21BE9B00C540BB /* ChannelView.swift in Sources */ = {isa = PBXBuildFile; fileRef = ACB32E8B2C21BE9B00C540BB /* ChannelView.swift */; };
		ACB32E8E2C21BEFA00C540BB /* ChannelHeaderView.swift in Sources */ = {isa = PBXBuildFile; fileRef = ACB32E8D2C21BEFA00C540BB /* ChannelHeaderView.swift */; };
		ACB32E942C21CD0600C540BB /* ChannelVideosView.swift in Sources */ = {isa = PBXBuildFile; fileRef = ACB32E932C21CD0600C540BB /* ChannelVideosView.swift */; };
		ACB32E962C21D08E00C540BB /* ContentGridView.swift in Sources */ = {isa = PBXBuildFile; fileRef = 922E0D1F2A9BA58E0023980B /* ContentGridView.swift */; };
		ACB32E982C2265F300C540BB /* VideoView.swift in Sources */ = {isa = PBXBuildFile; fileRef = ACB32E972C2265F300C540BB /* VideoView.swift */; };
		ACD1C1A72C7560CC00DD0F57 /* TubeApp.swift in Sources */ = {isa = PBXBuildFile; fileRef = ACD1C1A62C7560CC00DD0F57 /* TubeApp.swift */; };
		ACD1C1A92C7566DB00DD0F57 /* HorizontalSwiperVideoCard.swift in Sources */ = {isa = PBXBuildFile; fileRef = ACD1C1A82C7566DB00DD0F57 /* HorizontalSwiperVideoCard.swift */; };
		ACF7FD812C1C9FDD00C9EDB9 /* FollowedChannelsCombinedView.swift in Sources */ = {isa = PBXBuildFile; fileRef = ACF7FD802C1C9FDD00C9EDB9 /* FollowedChannelsCombinedView.swift */; };
		ACF7FD8B2C1CB26200C9EDB9 /* ContentView.swift in Sources */ = {isa = PBXBuildFile; fileRef = ACF7FD8A2C1CB26200C9EDB9 /* ContentView.swift */; };
		ACF7FD8D2C1CB26400C9EDB9 /* Assets.xcassets in Resources */ = {isa = PBXBuildFile; fileRef = ACF7FD8C2C1CB26400C9EDB9 /* Assets.xcassets */; };
		ACF7FD902C1CB26400C9EDB9 /* Preview Assets.xcassets in Resources */ = {isa = PBXBuildFile; fileRef = ACF7FD8F2C1CB26400C9EDB9 /* Preview Assets.xcassets */; };
		ACF7FD9A2C1CB26400C9EDB9 /* tvOSTubeTests.swift in Sources */ = {isa = PBXBuildFile; fileRef = ACF7FD992C1CB26400C9EDB9 /* tvOSTubeTests.swift */; };
		ACF7FDA42C1CB26400C9EDB9 /* tvOSTubeUITests.swift in Sources */ = {isa = PBXBuildFile; fileRef = ACF7FDA32C1CB26400C9EDB9 /* tvOSTubeUITests.swift */; };
		ACF7FDA62C1CB26400C9EDB9 /* tvOSTubeUITestsLaunchTests.swift in Sources */ = {isa = PBXBuildFile; fileRef = ACF7FDA52C1CB26400C9EDB9 /* tvOSTubeUITestsLaunchTests.swift */; };
		ACF7FDB32C1CB50200C9EDB9 /* InvidiousKit in Frameworks */ = {isa = PBXBuildFile; productRef = ACF7FDB22C1CB50200C9EDB9 /* InvidiousKit */; };
		ACF7FDB42C1CB58300C9EDB9 /* Following.swift in Sources */ = {isa = PBXBuildFile; fileRef = 922E0D492A9C4C890023980B /* Following.swift */; };
		ACF7FDB52C1CB58300C9EDB9 /* Settings.swift in Sources */ = {isa = PBXBuildFile; fileRef = 92B364072AD0594C00AB2696 /* Settings.swift */; };
/* End PBXBuildFile section */

/* Begin PBXContainerItemProxy section */
		ACF7FD962C1CB26400C9EDB9 /* PBXContainerItemProxy */ = {
			isa = PBXContainerItemProxy;
			containerPortal = 923B9C492A9B88920060FC9F /* Project object */;
			proxyType = 1;
			remoteGlobalIDString = ACF7FD852C1CB26200C9EDB9;
			remoteInfo = tvOSTube;
		};
		ACF7FDA02C1CB26400C9EDB9 /* PBXContainerItemProxy */ = {
			isa = PBXContainerItemProxy;
			containerPortal = 923B9C492A9B88920060FC9F /* Project object */;
			proxyType = 1;
			remoteGlobalIDString = ACF7FD852C1CB26200C9EDB9;
			remoteInfo = tvOSTube;
		};
/* End PBXContainerItemProxy section */

/* Begin PBXFileReference section */
		92132FD82ACCBB5400FFFDFF /* MessageBlock.swift */ = {isa = PBXFileReference; lastKnownFileType = sourcecode.swift; path = MessageBlock.swift; sourceTree = "<group>"; };
		922313FA2AA6356700F55F30 /* VideoQueueListView.swift */ = {isa = PBXFileReference; lastKnownFileType = sourcecode.swift; path = VideoQueueListView.swift; sourceTree = "<group>"; };
		922313FD2AA6BD8600F55F30 /* Tube-Info.plist */ = {isa = PBXFileReference; lastKnownFileType = text.plist; path = "Tube-Info.plist"; sourceTree = "<group>"; };
		922E0D1F2A9BA58E0023980B /* ContentGridView.swift */ = {isa = PBXFileReference; lastKnownFileType = sourcecode.swift; path = ContentGridView.swift; sourceTree = "<group>"; };
		922E0D212A9BA6A00023980B /* VideoGridItem.swift */ = {isa = PBXFileReference; lastKnownFileType = sourcecode.swift; path = VideoGridItem.swift; sourceTree = "<group>"; };
		922E0D232A9BAE870023980B /* ChannelView.swift */ = {isa = PBXFileReference; lastKnownFileType = sourcecode.swift; path = ChannelView.swift; sourceTree = "<group>"; };
		922E0D252A9BB8330023980B /* AsyncOverlayView.swift */ = {isa = PBXFileReference; lastKnownFileType = sourcecode.swift; path = AsyncOverlayView.swift; sourceTree = "<group>"; };
		922E0D282A9BB9920023980B /* View.swift */ = {isa = PBXFileReference; lastKnownFileType = sourcecode.swift; path = View.swift; sourceTree = "<group>"; };
		922E0D2A2A9BBBEE0023980B /* VideoPlayerView.swift */ = {isa = PBXFileReference; lastKnownFileType = sourcecode.swift; path = VideoPlayerView.swift; sourceTree = "<group>"; };
		922E0D2C2A9BD2E10023980B /* VideoDetailsView.swift */ = {isa = PBXFileReference; lastKnownFileType = sourcecode.swift; path = VideoDetailsView.swift; sourceTree = "<group>"; };
		922E0D2E2A9BD9860023980B /* VideoListItemView.swift */ = {isa = PBXFileReference; lastKnownFileType = sourcecode.swift; path = VideoListItemView.swift; sourceTree = "<group>"; };
		922E0D302A9BDAD70023980B /* ThumbnailView.swift */ = {isa = PBXFileReference; lastKnownFileType = sourcecode.swift; path = ThumbnailView.swift; sourceTree = "<group>"; };
		922E0D322A9BEFF50023980B /* CommentsView.swift */ = {isa = PBXFileReference; lastKnownFileType = sourcecode.swift; path = CommentsView.swift; sourceTree = "<group>"; };
		922E0D342A9C36440023980B /* ImageView.swift */ = {isa = PBXFileReference; lastKnownFileType = sourcecode.swift; path = ImageView.swift; sourceTree = "<group>"; };
		922E0D382A9C3AF00023980B /* ChannelHeaderView.swift */ = {isa = PBXFileReference; lastKnownFileType = sourcecode.swift; path = ChannelHeaderView.swift; sourceTree = "<group>"; };
		922E0D3A2A9C3B9C0023980B /* ChannelVideosView.swift */ = {isa = PBXFileReference; lastKnownFileType = sourcecode.swift; path = ChannelVideosView.swift; sourceTree = "<group>"; };
		922E0D3D2A9C44A50023980B /* ChannelPlaylistsView.swift */ = {isa = PBXFileReference; lastKnownFileType = sourcecode.swift; path = ChannelPlaylistsView.swift; sourceTree = "<group>"; };
		922E0D412A9C459C0023980B /* PlaylistItemView.swift */ = {isa = PBXFileReference; lastKnownFileType = sourcecode.swift; path = PlaylistItemView.swift; sourceTree = "<group>"; };
		922E0D462A9C48E40023980B /* PlaylistView.swift */ = {isa = PBXFileReference; lastKnownFileType = sourcecode.swift; path = PlaylistView.swift; sourceTree = "<group>"; };
		922E0D492A9C4C890023980B /* Following.swift */ = {isa = PBXFileReference; lastKnownFileType = sourcecode.swift; path = Following.swift; sourceTree = "<group>"; };
		922E0D4B2A9C4DDF0023980B /* FollowButton.swift */ = {isa = PBXFileReference; lastKnownFileType = sourcecode.swift; path = FollowButton.swift; sourceTree = "<group>"; };
		922E0D4D2A9C544C0023980B /* SearchResultsView.swift */ = {isa = PBXFileReference; lastKnownFileType = sourcecode.swift; path = SearchResultsView.swift; sourceTree = "<group>"; };
		922E0D4F2A9C5BC00023980B /* FeedView.swift */ = {isa = PBXFileReference; lastKnownFileType = sourcecode.swift; path = FeedView.swift; sourceTree = "<group>"; };
		923B9C512A9B88920060FC9F /* Tube.app */ = {isa = PBXFileReference; explicitFileType = wrapper.application; includeInIndex = 0; path = Tube.app; sourceTree = BUILT_PRODUCTS_DIR; };
		923B9C542A9B88920060FC9F /* TubeApp.swift */ = {isa = PBXFileReference; lastKnownFileType = sourcecode.swift; path = TubeApp.swift; sourceTree = "<group>"; };
		923B9C582A9B88950060FC9F /* Assets.xcassets */ = {isa = PBXFileReference; lastKnownFileType = folder.assetcatalog; path = Assets.xcassets; sourceTree = "<group>"; };
		923B9C5A2A9B88950060FC9F /* Invidious.entitlements */ = {isa = PBXFileReference; lastKnownFileType = text.plist.entitlements; path = Invidious.entitlements; sourceTree = "<group>"; };
		923B9C5C2A9B88950060FC9F /* Preview Assets.xcassets */ = {isa = PBXFileReference; lastKnownFileType = folder.assetcatalog; path = "Preview Assets.xcassets"; sourceTree = "<group>"; };
		923B9C632A9B88D70060FC9F /* InvidiousKit */ = {isa = PBXFileReference; lastKnownFileType = text; path = InvidiousKit; sourceTree = SOURCE_ROOT; };
		923B9C662A9B9A930060FC9F /* RootView.swift */ = {isa = PBXFileReference; lastKnownFileType = sourcecode.swift; path = RootView.swift; sourceTree = "<group>"; };
		923B9C682A9B9B190060FC9F /* VideoView.swift */ = {isa = PBXFileReference; lastKnownFileType = sourcecode.swift; path = VideoView.swift; sourceTree = "<group>"; };
		923B9C6C2A9B9B640060FC9F /* VideoQueue.swift */ = {isa = PBXFileReference; lastKnownFileType = sourcecode.swift; path = VideoQueue.swift; sourceTree = "<group>"; };
		9259D0F82ACF156800709DBB /* SettingsView.swift */ = {isa = PBXFileReference; lastKnownFileType = sourcecode.swift; path = SettingsView.swift; sourceTree = "<group>"; };
		9282873D2AA5079800BEE10C /* OpenVideoPlayerAction.swift */ = {isa = PBXFileReference; lastKnownFileType = sourcecode.swift; path = OpenVideoPlayerAction.swift; sourceTree = "<group>"; };
		9282873F2AA5647A00BEE10C /* VideoThumbnailTag.swift */ = {isa = PBXFileReference; lastKnownFileType = sourcecode.swift; path = VideoThumbnailTag.swift; sourceTree = "<group>"; };
		928287412AA585DB00BEE10C /* VideoMiniplayerView.swift */ = {isa = PBXFileReference; lastKnownFileType = sourcecode.swift; path = VideoMiniplayerView.swift; sourceTree = "<group>"; };
		92931D022A9DA308004993D5 /* README.md */ = {isa = PBXFileReference; fileEncoding = 4; lastKnownFileType = net.daringfireball.markdown; path = README.md; sourceTree = "<group>"; };
		92B364072AD0594C00AB2696 /* Settings.swift */ = {isa = PBXFileReference; lastKnownFileType = sourcecode.swift; path = Settings.swift; sourceTree = "<group>"; };
		92B364092AD05F6500AB2696 /* OnboardingView.swift */ = {isa = PBXFileReference; lastKnownFileType = sourcecode.swift; path = OnboardingView.swift; sourceTree = "<group>"; };
		92B3640B2AD060A200AB2696 /* HorizontalSwiperVideoCard.swift */ = {isa = PBXFileReference; lastKnownFileType = sourcecode.swift; path = HorizontalSwiperVideoCard.swift; sourceTree = "<group>"; };
		92B3640D2AD060C700AB2696 /* FollowedChannelFeedView.swift */ = {isa = PBXFileReference; lastKnownFileType = sourcecode.swift; path = FollowedChannelFeedView.swift; sourceTree = "<group>"; };
		AC13D7452C76253100EDA9A7 /* LoadingView.swift */ = {isa = PBXFileReference; lastKnownFileType = sourcecode.swift; path = LoadingView.swift; sourceTree = "<group>"; };
		AC13D7472C775F7100EDA9A7 /* ThumbnailView.swift */ = {isa = PBXFileReference; lastKnownFileType = sourcecode.swift; path = ThumbnailView.swift; sourceTree = "<group>"; };
		AC13D7492C77618600EDA9A7 /* CachedAsyncImage.swift */ = {isa = PBXFileReference; lastKnownFileType = sourcecode.swift; path = CachedAsyncImage.swift; sourceTree = "<group>"; };
		AC13D7582C82A4FF00EDA9A7 /* SavedVideo.swift */ = {isa = PBXFileReference; lastKnownFileType = sourcecode.swift; path = SavedVideo.swift; sourceTree = "<group>"; };
		AC13D75A2C82A68300EDA9A7 /* SavedVideosView.swift */ = {isa = PBXFileReference; lastKnownFileType = sourcecode.swift; path = SavedVideosView.swift; sourceTree = "<group>"; };
		AC4C01D62C652BDB00513555 /* ChannelPlaylistsView.swift */ = {isa = PBXFileReference; lastKnownFileType = sourcecode.swift; path = ChannelPlaylistsView.swift; sourceTree = "<group>"; };
		AC4C01D82C652C4500513555 /* PlaylistItemView.swift */ = {isa = PBXFileReference; lastKnownFileType = sourcecode.swift; path = PlaylistItemView.swift; sourceTree = "<group>"; };
		AC4C01DC2C6543EE00513555 /* PlaylistView.swift */ = {isa = PBXFileReference; lastKnownFileType = sourcecode.swift; path = PlaylistView.swift; sourceTree = "<group>"; };
		AC4C01E62C75349400513555 /* OpenVideoPlayerAction.swift */ = {isa = PBXFileReference; lastKnownFileType = sourcecode.swift; path = OpenVideoPlayerAction.swift; sourceTree = "<group>"; };
		ACB32E7D2C1FDD7E00C540BB /* RootView.swift */ = {isa = PBXFileReference; lastKnownFileType = sourcecode.swift; path = RootView.swift; sourceTree = "<group>"; };
		ACB32E7F2C2068A600C540BB /* SearchView.swift */ = {isa = PBXFileReference; lastKnownFileType = sourcecode.swift; path = SearchView.swift; sourceTree = "<group>"; };
		ACB32E812C20715200C540BB /* SearchResultsView.swift */ = {isa = PBXFileReference; lastKnownFileType = sourcecode.swift; path = SearchResultsView.swift; sourceTree = "<group>"; };
		ACB32E832C20900000C540BB /* VideoCard.swift */ = {isa = PBXFileReference; lastKnownFileType = sourcecode.swift; path = VideoCard.swift; sourceTree = "<group>"; };
		ACB32E852C20B14300C540BB /* ChannelCard.swift */ = {isa = PBXFileReference; lastKnownFileType = sourcecode.swift; path = ChannelCard.swift; sourceTree = "<group>"; };
		ACB32E872C20CADE00C540BB /* FeedView.swift */ = {isa = PBXFileReference; lastKnownFileType = sourcecode.swift; path = FeedView.swift; sourceTree = "<group>"; };
		ACB32E892C2126A600C540BB /* SubscriptionsView.swift */ = {isa = PBXFileReference; lastKnownFileType = sourcecode.swift; path = SubscriptionsView.swift; sourceTree = "<group>"; };
		ACB32E8B2C21BE9B00C540BB /* ChannelView.swift */ = {isa = PBXFileReference; lastKnownFileType = sourcecode.swift; path = ChannelView.swift; sourceTree = "<group>"; };
		ACB32E8D2C21BEFA00C540BB /* ChannelHeaderView.swift */ = {isa = PBXFileReference; lastKnownFileType = sourcecode.swift; path = ChannelHeaderView.swift; sourceTree = "<group>"; };
		ACB32E932C21CD0600C540BB /* ChannelVideosView.swift */ = {isa = PBXFileReference; lastKnownFileType = sourcecode.swift; path = ChannelVideosView.swift; sourceTree = "<group>"; };
		ACB32E972C2265F300C540BB /* VideoView.swift */ = {isa = PBXFileReference; lastKnownFileType = sourcecode.swift; path = VideoView.swift; sourceTree = "<group>"; };
		ACD1C1A62C7560CC00DD0F57 /* TubeApp.swift */ = {isa = PBXFileReference; lastKnownFileType = sourcecode.swift; path = TubeApp.swift; sourceTree = "<group>"; };
		ACD1C1A82C7566DB00DD0F57 /* HorizontalSwiperVideoCard.swift */ = {isa = PBXFileReference; lastKnownFileType = sourcecode.swift; path = HorizontalSwiperVideoCard.swift; sourceTree = "<group>"; };
		ACF7FD802C1C9FDD00C9EDB9 /* FollowedChannelsCombinedView.swift */ = {isa = PBXFileReference; lastKnownFileType = sourcecode.swift; path = FollowedChannelsCombinedView.swift; sourceTree = "<group>"; };
		ACF7FD862C1CB26200C9EDB9 /* tvOSTube.app */ = {isa = PBXFileReference; explicitFileType = wrapper.application; includeInIndex = 0; path = tvOSTube.app; sourceTree = BUILT_PRODUCTS_DIR; };
		ACF7FD8A2C1CB26200C9EDB9 /* ContentView.swift */ = {isa = PBXFileReference; lastKnownFileType = sourcecode.swift; path = ContentView.swift; sourceTree = "<group>"; };
		ACF7FD8C2C1CB26400C9EDB9 /* Assets.xcassets */ = {isa = PBXFileReference; lastKnownFileType = folder.assetcatalog; path = Assets.xcassets; sourceTree = "<group>"; };
		ACF7FD8F2C1CB26400C9EDB9 /* Preview Assets.xcassets */ = {isa = PBXFileReference; lastKnownFileType = folder.assetcatalog; path = "Preview Assets.xcassets"; sourceTree = "<group>"; };
		ACF7FD952C1CB26400C9EDB9 /* tvOSTubeTests.xctest */ = {isa = PBXFileReference; explicitFileType = wrapper.cfbundle; includeInIndex = 0; path = tvOSTubeTests.xctest; sourceTree = BUILT_PRODUCTS_DIR; };
		ACF7FD992C1CB26400C9EDB9 /* tvOSTubeTests.swift */ = {isa = PBXFileReference; lastKnownFileType = sourcecode.swift; path = tvOSTubeTests.swift; sourceTree = "<group>"; };
		ACF7FD9F2C1CB26400C9EDB9 /* tvOSTubeUITests.xctest */ = {isa = PBXFileReference; explicitFileType = wrapper.cfbundle; includeInIndex = 0; path = tvOSTubeUITests.xctest; sourceTree = BUILT_PRODUCTS_DIR; };
		ACF7FDA32C1CB26400C9EDB9 /* tvOSTubeUITests.swift */ = {isa = PBXFileReference; lastKnownFileType = sourcecode.swift; path = tvOSTubeUITests.swift; sourceTree = "<group>"; };
		ACF7FDA52C1CB26400C9EDB9 /* tvOSTubeUITestsLaunchTests.swift */ = {isa = PBXFileReference; lastKnownFileType = sourcecode.swift; path = tvOSTubeUITestsLaunchTests.swift; sourceTree = "<group>"; };
/* End PBXFileReference section */

/* Begin PBXFrameworksBuildPhase section */
		923B9C4E2A9B88920060FC9F /* Frameworks */ = {
			isa = PBXFrameworksBuildPhase;
			buildActionMask = 2147483647;
			files = (
				923B9C722A9BA0A80060FC9F /* InvidiousKit in Frameworks */,
			);
			runOnlyForDeploymentPostprocessing = 0;
		};
		ACF7FD832C1CB26200C9EDB9 /* Frameworks */ = {
			isa = PBXFrameworksBuildPhase;
			buildActionMask = 2147483647;
			files = (
				ACF7FDB32C1CB50200C9EDB9 /* InvidiousKit in Frameworks */,
			);
			runOnlyForDeploymentPostprocessing = 0;
		};
		ACF7FD922C1CB26400C9EDB9 /* Frameworks */ = {
			isa = PBXFrameworksBuildPhase;
			buildActionMask = 2147483647;
			files = (
			);
			runOnlyForDeploymentPostprocessing = 0;
		};
		ACF7FD9C2C1CB26400C9EDB9 /* Frameworks */ = {
			isa = PBXFrameworksBuildPhase;
			buildActionMask = 2147483647;
			files = (
			);
			runOnlyForDeploymentPostprocessing = 0;
		};
/* End PBXFrameworksBuildPhase section */

/* Begin PBXGroup section */
		922E0D272A9BB9860023980B /* Extensions */ = {
			isa = PBXGroup;
			children = (
				922E0D282A9BB9920023980B /* View.swift */,
			);
			path = Extensions;
			sourceTree = "<group>";
		};
		922E0D362A9C3ADD0023980B /* Channel */ = {
			isa = PBXGroup;
			children = (
				922E0D232A9BAE870023980B /* ChannelView.swift */,
				922E0D382A9C3AF00023980B /* ChannelHeaderView.swift */,
				922E0D3A2A9C3B9C0023980B /* ChannelVideosView.swift */,
				922E0D3D2A9C44A50023980B /* ChannelPlaylistsView.swift */,
			);
			path = Channel;
			sourceTree = "<group>";
		};
		922E0D3C2A9C3FF10023980B /* Video */ = {
			isa = PBXGroup;
			children = (
				923B9C682A9B9B190060FC9F /* VideoView.swift */,
				922E0D2C2A9BD2E10023980B /* VideoDetailsView.swift */,
				922E0D322A9BEFF50023980B /* CommentsView.swift */,
				922313FA2AA6356700F55F30 /* VideoQueueListView.swift */,
			);
			path = Video;
			sourceTree = "<group>";
		};
		922E0D432A9C45A00023980B /* Playlist */ = {
			isa = PBXGroup;
			children = (
				922E0D412A9C459C0023980B /* PlaylistItemView.swift */,
			);
			path = Playlist;
			sourceTree = "<group>";
		};
		922E0D442A9C45B10023980B /* Video */ = {
			isa = PBXGroup;
			children = (
				922E0D212A9BA6A00023980B /* VideoGridItem.swift */,
				9282873F2AA5647A00BEE10C /* VideoThumbnailTag.swift */,
				922E0D2E2A9BD9860023980B /* VideoListItemView.swift */,
				92B3640B2AD060A200AB2696 /* HorizontalSwiperVideoCard.swift */,
			);
			path = Video;
			sourceTree = "<group>";
		};
		922E0D452A9C48D70023980B /* Playlist */ = {
			isa = PBXGroup;
			children = (
				922E0D462A9C48E40023980B /* PlaylistView.swift */,
			);
			path = Playlist;
			sourceTree = "<group>";
		};
		922E0D482A9C4C6D0023980B /* Model */ = {
			isa = PBXGroup;
			children = (
				922E0D492A9C4C890023980B /* Following.swift */,
				92B364072AD0594C00AB2696 /* Settings.swift */,
				923B9C6C2A9B9B640060FC9F /* VideoQueue.swift */,
				9282873D2AA5079800BEE10C /* OpenVideoPlayerAction.swift */,
				AC13D7582C82A4FF00EDA9A7 /* SavedVideo.swift */,
			);
			path = Model;
			sourceTree = "<group>";
		};
		923B9C482A9B88920060FC9F = {
			isa = PBXGroup;
			children = (
				922313FD2AA6BD8600F55F30 /* Tube-Info.plist */,
				92931D022A9DA308004993D5 /* README.md */,
				923B9C532A9B88920060FC9F /* Invidious */,
				ACF7FD872C1CB26200C9EDB9 /* tvOSTube */,
				923B9C522A9B88920060FC9F /* Products */,
				923B9C702A9BA0A80060FC9F /* Frameworks */,
			);
			sourceTree = "<group>";
		};
		923B9C522A9B88920060FC9F /* Products */ = {
			isa = PBXGroup;
			children = (
				923B9C512A9B88920060FC9F /* Tube.app */,
				ACF7FD862C1CB26200C9EDB9 /* tvOSTube.app */,
				ACF7FD952C1CB26400C9EDB9 /* tvOSTubeTests.xctest */,
				ACF7FD9F2C1CB26400C9EDB9 /* tvOSTubeUITests.xctest */,
			);
			name = Products;
			sourceTree = "<group>";
		};
		923B9C532A9B88920060FC9F /* Invidious */ = {
			isa = PBXGroup;
			children = (
				922E0D482A9C4C6D0023980B /* Model */,
				922E0D272A9BB9860023980B /* Extensions */,
				923B9C652A9B9A830060FC9F /* Supporting Views */,
				923B9C642A9B9A7B0060FC9F /* Views */,
				923B9C632A9B88D70060FC9F /* InvidiousKit */,
				923B9C542A9B88920060FC9F /* TubeApp.swift */,
				923B9C582A9B88950060FC9F /* Assets.xcassets */,
				923B9C5A2A9B88950060FC9F /* Invidious.entitlements */,
				923B9C5B2A9B88950060FC9F /* Preview Content */,
			);
			path = Invidious;
			sourceTree = "<group>";
		};
		923B9C5B2A9B88950060FC9F /* Preview Content */ = {
			isa = PBXGroup;
			children = (
				923B9C5C2A9B88950060FC9F /* Preview Assets.xcassets */,
			);
			path = "Preview Content";
			sourceTree = "<group>";
		};
		923B9C642A9B9A7B0060FC9F /* Views */ = {
			isa = PBXGroup;
			children = (
				922E0D452A9C48D70023980B /* Playlist */,
				922E0D3C2A9C3FF10023980B /* Video */,
				922E0D362A9C3ADD0023980B /* Channel */,
				923B9C662A9B9A930060FC9F /* RootView.swift */,
				92B364092AD05F6500AB2696 /* OnboardingView.swift */,
				922E0D4F2A9C5BC00023980B /* FeedView.swift */,
				922E0D4D2A9C544C0023980B /* SearchResultsView.swift */,
				9259D0F82ACF156800709DBB /* SettingsView.swift */,
			);
			path = Views;
			sourceTree = "<group>";
		};
		923B9C652A9B9A830060FC9F /* Supporting Views */ = {
			isa = PBXGroup;
			children = (
				922E0D432A9C45A00023980B /* Playlist */,
				922E0D442A9C45B10023980B /* Video */,
				922E0D1F2A9BA58E0023980B /* ContentGridView.swift */,
				922E0D252A9BB8330023980B /* AsyncOverlayView.swift */,
				922E0D2A2A9BBBEE0023980B /* VideoPlayerView.swift */,
				922E0D302A9BDAD70023980B /* ThumbnailView.swift */,
				922E0D342A9C36440023980B /* ImageView.swift */,
				922E0D4B2A9C4DDF0023980B /* FollowButton.swift */,
				928287412AA585DB00BEE10C /* VideoMiniplayerView.swift */,
				92132FD82ACCBB5400FFFDFF /* MessageBlock.swift */,
				92B3640D2AD060C700AB2696 /* FollowedChannelFeedView.swift */,
				ACF7FD802C1C9FDD00C9EDB9 /* FollowedChannelsCombinedView.swift */,
			);
			path = "Supporting Views";
			sourceTree = "<group>";
		};
		923B9C702A9BA0A80060FC9F /* Frameworks */ = {
			isa = PBXGroup;
			children = (
			);
			name = Frameworks;
			sourceTree = "<group>";
		};
		ACF7FD872C1CB26200C9EDB9 /* tvOSTube */ = {
			isa = PBXGroup;
			children = (
				ACD1C1A62C7560CC00DD0F57 /* TubeApp.swift */,
				AC13D7452C76253100EDA9A7 /* LoadingView.swift */,
				ACB32E7D2C1FDD7E00C540BB /* RootView.swift */,
				AC13D75A2C82A68300EDA9A7 /* SavedVideosView.swift */,
				ACB32E872C20CADE00C540BB /* FeedView.swift */,
				AC13D7472C775F7100EDA9A7 /* ThumbnailView.swift */,
				AC13D7492C77618600EDA9A7 /* CachedAsyncImage.swift */,
				ACB32E892C2126A600C540BB /* SubscriptionsView.swift */,
				ACB32E8B2C21BE9B00C540BB /* ChannelView.swift */,
				ACB32E8D2C21BEFA00C540BB /* ChannelHeaderView.swift */,
				ACB32E932C21CD0600C540BB /* ChannelVideosView.swift */,
				AC4C01D62C652BDB00513555 /* ChannelPlaylistsView.swift */,
				AC4C01D82C652C4500513555 /* PlaylistItemView.swift */,
				AC4C01DC2C6543EE00513555 /* PlaylistView.swift */,
				ACB32E7F2C2068A600C540BB /* SearchView.swift */,
				ACB32E812C20715200C540BB /* SearchResultsView.swift */,
				ACB32E832C20900000C540BB /* VideoCard.swift */,
				ACD1C1A82C7566DB00DD0F57 /* HorizontalSwiperVideoCard.swift */,
				ACB32E972C2265F300C540BB /* VideoView.swift */,
				ACB32E852C20B14300C540BB /* ChannelCard.swift */,
				ACF7FD8A2C1CB26200C9EDB9 /* ContentView.swift */,
				AC4C01E62C75349400513555 /* OpenVideoPlayerAction.swift */,
				ACF7FD8C2C1CB26400C9EDB9 /* Assets.xcassets */,
				ACF7FD982C1CB26400C9EDB9 /* tvOSTubeTests */,
				ACF7FDA22C1CB26400C9EDB9 /* tvOSTubeUITests */,
				ACF7FD8E2C1CB26400C9EDB9 /* Preview Content */,
			);
			path = tvOSTube;
			sourceTree = "<group>";
		};
		ACF7FD8E2C1CB26400C9EDB9 /* Preview Content */ = {
			isa = PBXGroup;
			children = (
				ACF7FD8F2C1CB26400C9EDB9 /* Preview Assets.xcassets */,
			);
			path = "Preview Content";
			sourceTree = "<group>";
		};
		ACF7FD982C1CB26400C9EDB9 /* tvOSTubeTests */ = {
			isa = PBXGroup;
			children = (
				ACF7FD992C1CB26400C9EDB9 /* tvOSTubeTests.swift */,
			);
			path = tvOSTubeTests;
			sourceTree = "<group>";
		};
		ACF7FDA22C1CB26400C9EDB9 /* tvOSTubeUITests */ = {
			isa = PBXGroup;
			children = (
				ACF7FDA32C1CB26400C9EDB9 /* tvOSTubeUITests.swift */,
				ACF7FDA52C1CB26400C9EDB9 /* tvOSTubeUITestsLaunchTests.swift */,
			);
			path = tvOSTubeUITests;
			sourceTree = "<group>";
		};
/* End PBXGroup section */

/* Begin PBXNativeTarget section */
		923B9C502A9B88920060FC9F /* Tube */ = {
			isa = PBXNativeTarget;
			buildConfigurationList = 923B9C602A9B88950060FC9F /* Build configuration list for PBXNativeTarget "Tube" */;
			buildPhases = (
				923B9C4D2A9B88920060FC9F /* Sources */,
				923B9C4E2A9B88920060FC9F /* Frameworks */,
				923B9C4F2A9B88920060FC9F /* Resources */,
			);
			buildRules = (
			);
			dependencies = (
			);
			name = Tube;
			packageProductDependencies = (
				923B9C712A9BA0A80060FC9F /* InvidiousKit */,
			);
			productName = Invidious;
			productReference = 923B9C512A9B88920060FC9F /* Tube.app */;
			productType = "com.apple.product-type.application";
		};
		ACF7FD852C1CB26200C9EDB9 /* tvOSTube */ = {
			isa = PBXNativeTarget;
			buildConfigurationList = ACF7FDA72C1CB26400C9EDB9 /* Build configuration list for PBXNativeTarget "tvOSTube" */;
			buildPhases = (
				ACF7FD822C1CB26200C9EDB9 /* Sources */,
				ACF7FD832C1CB26200C9EDB9 /* Frameworks */,
				ACF7FD842C1CB26200C9EDB9 /* Resources */,
			);
			buildRules = (
			);
			dependencies = (
			);
			name = tvOSTube;
			packageProductDependencies = (
				ACF7FDB22C1CB50200C9EDB9 /* InvidiousKit */,
			);
			productName = tvOSTube;
			productReference = ACF7FD862C1CB26200C9EDB9 /* tvOSTube.app */;
			productType = "com.apple.product-type.application";
		};
		ACF7FD942C1CB26400C9EDB9 /* tvOSTubeTests */ = {
			isa = PBXNativeTarget;
			buildConfigurationList = ACF7FDAA2C1CB26400C9EDB9 /* Build configuration list for PBXNativeTarget "tvOSTubeTests" */;
			buildPhases = (
				ACF7FD912C1CB26400C9EDB9 /* Sources */,
				ACF7FD922C1CB26400C9EDB9 /* Frameworks */,
				ACF7FD932C1CB26400C9EDB9 /* Resources */,
			);
			buildRules = (
			);
			dependencies = (
				ACF7FD972C1CB26400C9EDB9 /* PBXTargetDependency */,
			);
			name = tvOSTubeTests;
			productName = tvOSTubeTests;
			productReference = ACF7FD952C1CB26400C9EDB9 /* tvOSTubeTests.xctest */;
			productType = "com.apple.product-type.bundle.unit-test";
		};
		ACF7FD9E2C1CB26400C9EDB9 /* tvOSTubeUITests */ = {
			isa = PBXNativeTarget;
			buildConfigurationList = ACF7FDAD2C1CB26400C9EDB9 /* Build configuration list for PBXNativeTarget "tvOSTubeUITests" */;
			buildPhases = (
				ACF7FD9B2C1CB26400C9EDB9 /* Sources */,
				ACF7FD9C2C1CB26400C9EDB9 /* Frameworks */,
				ACF7FD9D2C1CB26400C9EDB9 /* Resources */,
			);
			buildRules = (
			);
			dependencies = (
				ACF7FDA12C1CB26400C9EDB9 /* PBXTargetDependency */,
			);
			name = tvOSTubeUITests;
			productName = tvOSTubeUITests;
			productReference = ACF7FD9F2C1CB26400C9EDB9 /* tvOSTubeUITests.xctest */;
			productType = "com.apple.product-type.bundle.ui-testing";
		};
/* End PBXNativeTarget section */

/* Begin PBXProject section */
		923B9C492A9B88920060FC9F /* Project object */ = {
			isa = PBXProject;
			attributes = {
				BuildIndependentTargetsInParallel = 1;
				LastSwiftUpdateCheck = 1540;
				LastUpgradeCheck = 1540;
				TargetAttributes = {
					923B9C502A9B88920060FC9F = {
						CreatedOnToolsVersion = 15.0;
					};
					ACF7FD852C1CB26200C9EDB9 = {
						CreatedOnToolsVersion = 15.4;
					};
					ACF7FD942C1CB26400C9EDB9 = {
						CreatedOnToolsVersion = 15.4;
						TestTargetID = ACF7FD852C1CB26200C9EDB9;
					};
					ACF7FD9E2C1CB26400C9EDB9 = {
						CreatedOnToolsVersion = 15.4;
						TestTargetID = ACF7FD852C1CB26200C9EDB9;
					};
				};
			};
			buildConfigurationList = 923B9C4C2A9B88920060FC9F /* Build configuration list for PBXProject "Tube" */;
			compatibilityVersion = "Xcode 14.0";
			developmentRegion = en;
			hasScannedForEncodings = 0;
			knownRegions = (
				en,
				Base,
			);
			mainGroup = 923B9C482A9B88920060FC9F;
			packageReferences = (
				ACF7FDB12C1CB50200C9EDB9 /* XCLocalSwiftPackageReference "InvidiousKit" */,
			);
			productRefGroup = 923B9C522A9B88920060FC9F /* Products */;
			projectDirPath = "";
			projectRoot = "";
			targets = (
				923B9C502A9B88920060FC9F /* Tube */,
				ACF7FD852C1CB26200C9EDB9 /* tvOSTube */,
				ACF7FD942C1CB26400C9EDB9 /* tvOSTubeTests */,
				ACF7FD9E2C1CB26400C9EDB9 /* tvOSTubeUITests */,
			);
		};
/* End PBXProject section */

/* Begin PBXResourcesBuildPhase section */
		923B9C4F2A9B88920060FC9F /* Resources */ = {
			isa = PBXResourcesBuildPhase;
			buildActionMask = 2147483647;
			files = (
				92931D032A9DA308004993D5 /* README.md in Resources */,
				923B9C5D2A9B88950060FC9F /* Preview Assets.xcassets in Resources */,
				923B9C592A9B88950060FC9F /* Assets.xcassets in Resources */,
			);
			runOnlyForDeploymentPostprocessing = 0;
		};
		ACF7FD842C1CB26200C9EDB9 /* Resources */ = {
			isa = PBXResourcesBuildPhase;
			buildActionMask = 2147483647;
			files = (
				ACF7FD902C1CB26400C9EDB9 /* Preview Assets.xcassets in Resources */,
				ACF7FD8D2C1CB26400C9EDB9 /* Assets.xcassets in Resources */,
			);
			runOnlyForDeploymentPostprocessing = 0;
		};
		ACF7FD932C1CB26400C9EDB9 /* Resources */ = {
			isa = PBXResourcesBuildPhase;
			buildActionMask = 2147483647;
			files = (
			);
			runOnlyForDeploymentPostprocessing = 0;
		};
		ACF7FD9D2C1CB26400C9EDB9 /* Resources */ = {
			isa = PBXResourcesBuildPhase;
			buildActionMask = 2147483647;
			files = (
			);
			runOnlyForDeploymentPostprocessing = 0;
		};
/* End PBXResourcesBuildPhase section */

/* Begin PBXSourcesBuildPhase section */
		923B9C4D2A9B88920060FC9F /* Sources */ = {
			isa = PBXSourcesBuildPhase;
			buildActionMask = 2147483647;
			files = (
				922E0D2D2A9BD2E10023980B /* VideoDetailsView.swift in Sources */,
				922E0D392A9C3AF00023980B /* ChannelHeaderView.swift in Sources */,
				922E0D222A9BA6A00023980B /* VideoGridItem.swift in Sources */,
				922E0D422A9C459C0023980B /* PlaylistItemView.swift in Sources */,
				922E0D352A9C36440023980B /* ImageView.swift in Sources */,
				923B9C6D2A9B9B640060FC9F /* VideoQueue.swift in Sources */,
				923B9C692A9B9B190060FC9F /* VideoView.swift in Sources */,
				92B3640E2AD060C700AB2696 /* FollowedChannelFeedView.swift in Sources */,
				922E0D502A9C5BC00023980B /* FeedView.swift in Sources */,
				92B364082AD0594C00AB2696 /* Settings.swift in Sources */,
				922E0D472A9C48E40023980B /* PlaylistView.swift in Sources */,
				922E0D202A9BA58E0023980B /* ContentGridView.swift in Sources */,
				923B9C552A9B88920060FC9F /* TubeApp.swift in Sources */,
				922E0D262A9BB8330023980B /* AsyncOverlayView.swift in Sources */,
				922E0D3E2A9C44A50023980B /* ChannelPlaylistsView.swift in Sources */,
				92B3640A2AD05F6500AB2696 /* OnboardingView.swift in Sources */,
				922E0D292A9BB9920023980B /* View.swift in Sources */,
				923B9C672A9B9A930060FC9F /* RootView.swift in Sources */,
				922E0D242A9BAE870023980B /* ChannelView.swift in Sources */,
				922E0D4E2A9C544C0023980B /* SearchResultsView.swift in Sources */,
				92132FD92ACCBB5400FFFDFF /* MessageBlock.swift in Sources */,
				922E0D312A9BDAD70023980B /* ThumbnailView.swift in Sources */,
				928287422AA585DB00BEE10C /* VideoMiniplayerView.swift in Sources */,
				922E0D4A2A9C4C890023980B /* Following.swift in Sources */,
				922313FB2AA6356700F55F30 /* VideoQueueListView.swift in Sources */,
				922E0D2F2A9BD9860023980B /* VideoListItemView.swift in Sources */,
				922E0D4C2A9C4DDF0023980B /* FollowButton.swift in Sources */,
				92B3640C2AD060A200AB2696 /* HorizontalSwiperVideoCard.swift in Sources */,
				9259D0F92ACF156800709DBB /* SettingsView.swift in Sources */,
				ACF7FD812C1C9FDD00C9EDB9 /* FollowedChannelsCombinedView.swift in Sources */,
				922E0D3B2A9C3B9C0023980B /* ChannelVideosView.swift in Sources */,
				922E0D332A9BEFF50023980B /* CommentsView.swift in Sources */,
				928287402AA5647A00BEE10C /* VideoThumbnailTag.swift in Sources */,
				922E0D2B2A9BBBEE0023980B /* VideoPlayerView.swift in Sources */,
				9282873E2AA5079800BEE10C /* OpenVideoPlayerAction.swift in Sources */,
			);
			runOnlyForDeploymentPostprocessing = 0;
		};
		ACF7FD822C1CB26200C9EDB9 /* Sources */ = {
			isa = PBXSourcesBuildPhase;
			buildActionMask = 2147483647;
			files = (
				ACB32E882C20CADE00C540BB /* FeedView.swift in Sources */,
				AC13D7592C82A4FF00EDA9A7 /* SavedVideo.swift in Sources */,
				AC1FE1E52C1F27240084AB66 /* VideoListItemView.swift in Sources */,
				ACB32E7E2C1FDD7E00C540BB /* RootView.swift in Sources */,
				ACB32E962C21D08E00C540BB /* ContentGridView.swift in Sources */,
				AC4C01DD2C6543EE00513555 /* PlaylistView.swift in Sources */,
				ACB32E8C2C21BE9B00C540BB /* ChannelView.swift in Sources */,
				ACF7FD8B2C1CB26200C9EDB9 /* ContentView.swift in Sources */,
				ACF7FDB42C1CB58300C9EDB9 /* Following.swift in Sources */,
				ACD1C1A72C7560CC00DD0F57 /* TubeApp.swift in Sources */,
				AC1FE1EB2C1F27C20084AB66 /* CommentsView.swift in Sources */,
				ACB32E8A2C2126A600C540BB /* SubscriptionsView.swift in Sources */,
				ACB32E942C21CD0600C540BB /* ChannelVideosView.swift in Sources */,
				AC1FE1DB2C1D19BD0084AB66 /* ImageView.swift in Sources */,
				ACF7FDB52C1CB58300C9EDB9 /* Settings.swift in Sources */,
				AC1FE1D52C1D16AC0084AB66 /* VideoThumbnailTag.swift in Sources */,
				AC1FE1E32C1F27020084AB66 /* View.swift in Sources */,
				AC13D74A2C77618600EDA9A7 /* CachedAsyncImage.swift in Sources */,
				AC13D75B2C82A68300EDA9A7 /* SavedVideosView.swift in Sources */,
				ACB32E862C20B14300C540BB /* ChannelCard.swift in Sources */,
				AC13D7462C76253100EDA9A7 /* LoadingView.swift in Sources */,
				AC1FE1CD2C1CDB0C0084AB66 /* OnboardingView.swift in Sources */,
				ACB32E822C20715200C540BB /* SearchResultsView.swift in Sources */,
				AC4C01E72C75349400513555 /* OpenVideoPlayerAction.swift in Sources */,
				AC4C01D92C652C4500513555 /* PlaylistItemView.swift in Sources */,
				ACB32E842C20900000C540BB /* VideoCard.swift in Sources */,
				AC1FE1D02C1D15AD0084AB66 /* MessageBlock.swift in Sources */,
				ACD1C1A92C7566DB00DD0F57 /* HorizontalSwiperVideoCard.swift in Sources */,
				AC1FE1F02C1F28650084AB66 /* SettingsView.swift in Sources */,
				ACB32E802C2068A700C540BB /* SearchView.swift in Sources */,
				AC13D7482C775F7100EDA9A7 /* ThumbnailView.swift in Sources */,
				AC1FE1DC2C1D19D30084AB66 /* FollowButton.swift in Sources */,
				ACB32E8E2C21BEFA00C540BB /* ChannelHeaderView.swift in Sources */,
				AC4C01D72C652BDB00513555 /* ChannelPlaylistsView.swift in Sources */,
				AC1FE1D22C1D15BD0084AB66 /* FollowedChannelsCombinedView.swift in Sources */,
				ACB32E982C2265F300C540BB /* VideoView.swift in Sources */,
				AC1FE1E42C1F270D0084AB66 /* AsyncOverlayView.swift in Sources */,
			);
			runOnlyForDeploymentPostprocessing = 0;
		};
		ACF7FD912C1CB26400C9EDB9 /* Sources */ = {
			isa = PBXSourcesBuildPhase;
			buildActionMask = 2147483647;
			files = (
				ACF7FD9A2C1CB26400C9EDB9 /* tvOSTubeTests.swift in Sources */,
			);
			runOnlyForDeploymentPostprocessing = 0;
		};
		ACF7FD9B2C1CB26400C9EDB9 /* Sources */ = {
			isa = PBXSourcesBuildPhase;
			buildActionMask = 2147483647;
			files = (
				ACF7FDA62C1CB26400C9EDB9 /* tvOSTubeUITestsLaunchTests.swift in Sources */,
				ACF7FDA42C1CB26400C9EDB9 /* tvOSTubeUITests.swift in Sources */,
			);
			runOnlyForDeploymentPostprocessing = 0;
		};
/* End PBXSourcesBuildPhase section */

/* Begin PBXTargetDependency section */
		ACF7FD972C1CB26400C9EDB9 /* PBXTargetDependency */ = {
			isa = PBXTargetDependency;
			target = ACF7FD852C1CB26200C9EDB9 /* tvOSTube */;
			targetProxy = ACF7FD962C1CB26400C9EDB9 /* PBXContainerItemProxy */;
		};
		ACF7FDA12C1CB26400C9EDB9 /* PBXTargetDependency */ = {
			isa = PBXTargetDependency;
			target = ACF7FD852C1CB26200C9EDB9 /* tvOSTube */;
			targetProxy = ACF7FDA02C1CB26400C9EDB9 /* PBXContainerItemProxy */;
		};
/* End PBXTargetDependency section */

/* Begin XCBuildConfiguration section */
		923B9C5E2A9B88950060FC9F /* Debug */ = {
			isa = XCBuildConfiguration;
			buildSettings = {
				ALWAYS_SEARCH_USER_PATHS = NO;
				ASSETCATALOG_COMPILER_GENERATE_SWIFT_ASSET_SYMBOL_EXTENSIONS = YES;
				CLANG_ANALYZER_NONNULL = YES;
				CLANG_ANALYZER_NUMBER_OBJECT_CONVERSION = YES_AGGRESSIVE;
				CLANG_CXX_LANGUAGE_STANDARD = "gnu++20";
				CLANG_ENABLE_MODULES = YES;
				CLANG_ENABLE_OBJC_ARC = YES;
				CLANG_ENABLE_OBJC_WEAK = YES;
				CLANG_WARN_BLOCK_CAPTURE_AUTORELEASING = YES;
				CLANG_WARN_BOOL_CONVERSION = YES;
				CLANG_WARN_COMMA = YES;
				CLANG_WARN_CONSTANT_CONVERSION = YES;
				CLANG_WARN_DEPRECATED_OBJC_IMPLEMENTATIONS = YES;
				CLANG_WARN_DIRECT_OBJC_ISA_USAGE = YES_ERROR;
				CLANG_WARN_DOCUMENTATION_COMMENTS = YES;
				CLANG_WARN_EMPTY_BODY = YES;
				CLANG_WARN_ENUM_CONVERSION = YES;
				CLANG_WARN_INFINITE_RECURSION = YES;
				CLANG_WARN_INT_CONVERSION = YES;
				CLANG_WARN_NON_LITERAL_NULL_CONVERSION = YES;
				CLANG_WARN_OBJC_IMPLICIT_RETAIN_SELF = YES;
				CLANG_WARN_OBJC_LITERAL_CONVERSION = YES;
				CLANG_WARN_OBJC_ROOT_CLASS = YES_ERROR;
				CLANG_WARN_QUOTED_INCLUDE_IN_FRAMEWORK_HEADER = YES;
				CLANG_WARN_RANGE_LOOP_ANALYSIS = YES;
				CLANG_WARN_STRICT_PROTOTYPES = YES;
				CLANG_WARN_SUSPICIOUS_MOVE = YES;
				CLANG_WARN_UNGUARDED_AVAILABILITY = YES_AGGRESSIVE;
				CLANG_WARN_UNREACHABLE_CODE = YES;
				CLANG_WARN__DUPLICATE_METHOD_MATCH = YES;
				COPY_PHASE_STRIP = NO;
				DEAD_CODE_STRIPPING = YES;
				DEBUG_INFORMATION_FORMAT = dwarf;
				ENABLE_STRICT_OBJC_MSGSEND = YES;
				ENABLE_TESTABILITY = YES;
				ENABLE_USER_SCRIPT_SANDBOXING = YES;
				GCC_C_LANGUAGE_STANDARD = gnu17;
				GCC_DYNAMIC_NO_PIC = NO;
				GCC_NO_COMMON_BLOCKS = YES;
				GCC_OPTIMIZATION_LEVEL = 0;
				GCC_PREPROCESSOR_DEFINITIONS = (
					"DEBUG=1",
					"$(inherited)",
				);
				GCC_WARN_64_TO_32_BIT_CONVERSION = YES;
				GCC_WARN_ABOUT_RETURN_TYPE = YES_ERROR;
				GCC_WARN_UNDECLARED_SELECTOR = YES;
				GCC_WARN_UNINITIALIZED_AUTOS = YES_AGGRESSIVE;
				GCC_WARN_UNUSED_FUNCTION = YES;
				GCC_WARN_UNUSED_VARIABLE = YES;
				LOCALIZATION_PREFERS_STRING_CATALOGS = YES;
				MTL_ENABLE_DEBUG_INFO = INCLUDE_SOURCE;
				MTL_FAST_MATH = YES;
				ONLY_ACTIVE_ARCH = YES;
				SWIFT_ACTIVE_COMPILATION_CONDITIONS = "DEBUG $(inherited)";
				SWIFT_OPTIMIZATION_LEVEL = "-Onone";
			};
			name = Debug;
		};
		923B9C5F2A9B88950060FC9F /* Release */ = {
			isa = XCBuildConfiguration;
			buildSettings = {
				ALWAYS_SEARCH_USER_PATHS = NO;
				ASSETCATALOG_COMPILER_GENERATE_SWIFT_ASSET_SYMBOL_EXTENSIONS = YES;
				CLANG_ANALYZER_NONNULL = YES;
				CLANG_ANALYZER_NUMBER_OBJECT_CONVERSION = YES_AGGRESSIVE;
				CLANG_CXX_LANGUAGE_STANDARD = "gnu++20";
				CLANG_ENABLE_MODULES = YES;
				CLANG_ENABLE_OBJC_ARC = YES;
				CLANG_ENABLE_OBJC_WEAK = YES;
				CLANG_WARN_BLOCK_CAPTURE_AUTORELEASING = YES;
				CLANG_WARN_BOOL_CONVERSION = YES;
				CLANG_WARN_COMMA = YES;
				CLANG_WARN_CONSTANT_CONVERSION = YES;
				CLANG_WARN_DEPRECATED_OBJC_IMPLEMENTATIONS = YES;
				CLANG_WARN_DIRECT_OBJC_ISA_USAGE = YES_ERROR;
				CLANG_WARN_DOCUMENTATION_COMMENTS = YES;
				CLANG_WARN_EMPTY_BODY = YES;
				CLANG_WARN_ENUM_CONVERSION = YES;
				CLANG_WARN_INFINITE_RECURSION = YES;
				CLANG_WARN_INT_CONVERSION = YES;
				CLANG_WARN_NON_LITERAL_NULL_CONVERSION = YES;
				CLANG_WARN_OBJC_IMPLICIT_RETAIN_SELF = YES;
				CLANG_WARN_OBJC_LITERAL_CONVERSION = YES;
				CLANG_WARN_OBJC_ROOT_CLASS = YES_ERROR;
				CLANG_WARN_QUOTED_INCLUDE_IN_FRAMEWORK_HEADER = YES;
				CLANG_WARN_RANGE_LOOP_ANALYSIS = YES;
				CLANG_WARN_STRICT_PROTOTYPES = YES;
				CLANG_WARN_SUSPICIOUS_MOVE = YES;
				CLANG_WARN_UNGUARDED_AVAILABILITY = YES_AGGRESSIVE;
				CLANG_WARN_UNREACHABLE_CODE = YES;
				CLANG_WARN__DUPLICATE_METHOD_MATCH = YES;
				COPY_PHASE_STRIP = NO;
				DEAD_CODE_STRIPPING = YES;
				DEBUG_INFORMATION_FORMAT = "dwarf-with-dsym";
				ENABLE_NS_ASSERTIONS = NO;
				ENABLE_STRICT_OBJC_MSGSEND = YES;
				ENABLE_USER_SCRIPT_SANDBOXING = YES;
				GCC_C_LANGUAGE_STANDARD = gnu17;
				GCC_NO_COMMON_BLOCKS = YES;
				GCC_WARN_64_TO_32_BIT_CONVERSION = YES;
				GCC_WARN_ABOUT_RETURN_TYPE = YES_ERROR;
				GCC_WARN_UNDECLARED_SELECTOR = YES;
				GCC_WARN_UNINITIALIZED_AUTOS = YES_AGGRESSIVE;
				GCC_WARN_UNUSED_FUNCTION = YES;
				GCC_WARN_UNUSED_VARIABLE = YES;
				LOCALIZATION_PREFERS_STRING_CATALOGS = YES;
				MTL_ENABLE_DEBUG_INFO = NO;
				MTL_FAST_MATH = YES;
				SWIFT_COMPILATION_MODE = wholemodule;
			};
			name = Release;
		};
		923B9C612A9B88950060FC9F /* Debug */ = {
			isa = XCBuildConfiguration;
			buildSettings = {
				ASSETCATALOG_COMPILER_APPICON_NAME = AppIcon;
				ASSETCATALOG_COMPILER_GLOBAL_ACCENT_COLOR_NAME = AccentColor;
				CODE_SIGN_ENTITLEMENTS = Invidious/Invidious.entitlements;
				CODE_SIGN_STYLE = Automatic;
				CURRENT_PROJECT_VERSION = 1;
				DEAD_CODE_STRIPPING = YES;
				DEVELOPMENT_ASSET_PATHS = "\"Invidious/Preview Content\"";
				DEVELOPMENT_TEAM = 3KX6W8KFQP;
				ENABLE_HARDENED_RUNTIME = YES;
				ENABLE_PREVIEWS = YES;
				GENERATE_INFOPLIST_FILE = YES;
				INFOPLIST_FILE = "Tube-Info.plist";
				INFOPLIST_KEY_CFBundleDisplayName = Tube;
				"INFOPLIST_KEY_UIApplicationSceneManifest_Generation[sdk=iphoneos*]" = YES;
				"INFOPLIST_KEY_UIApplicationSceneManifest_Generation[sdk=iphonesimulator*]" = YES;
				"INFOPLIST_KEY_UIApplicationSupportsIndirectInputEvents[sdk=iphoneos*]" = YES;
				"INFOPLIST_KEY_UIApplicationSupportsIndirectInputEvents[sdk=iphonesimulator*]" = YES;
				"INFOPLIST_KEY_UILaunchScreen_Generation[sdk=iphoneos*]" = YES;
				"INFOPLIST_KEY_UILaunchScreen_Generation[sdk=iphonesimulator*]" = YES;
				INFOPLIST_KEY_UIRequiresFullScreen = NO;
				INFOPLIST_KEY_UIStatusBarStyle = "";
				"INFOPLIST_KEY_UIStatusBarStyle[sdk=iphoneos*]" = UIStatusBarStyleDefault;
				"INFOPLIST_KEY_UIStatusBarStyle[sdk=iphonesimulator*]" = UIStatusBarStyleDefault;
				INFOPLIST_KEY_UISupportedInterfaceOrientations_iPad = "UIInterfaceOrientationPortrait UIInterfaceOrientationPortraitUpsideDown UIInterfaceOrientationLandscapeLeft UIInterfaceOrientationLandscapeRight";
				INFOPLIST_KEY_UISupportedInterfaceOrientations_iPhone = "UIInterfaceOrientationPortrait UIInterfaceOrientationLandscapeLeft UIInterfaceOrientationLandscapeRight";
				IPHONEOS_DEPLOYMENT_TARGET = 17.0;
				LD_RUNPATH_SEARCH_PATHS = "@executable_path/Frameworks";
				"LD_RUNPATH_SEARCH_PATHS[sdk=macosx*]" = "@executable_path/../Frameworks";
				MACOSX_DEPLOYMENT_TARGET = 14.0;
				MARKETING_VERSION = 1.0;
				PRODUCT_BUNDLE_IDENTIFIER = dev.peterxjang.Tube;
				PRODUCT_NAME = "$(TARGET_NAME)";
				SDKROOT = auto;
				SUPPORTED_PLATFORMS = "iphoneos iphonesimulator macosx";
				SUPPORTS_MACCATALYST = NO;
				SWIFT_EMIT_LOC_STRINGS = YES;
				SWIFT_VERSION = 5.0;
				TARGETED_DEVICE_FAMILY = "1,2";
			};
			name = Debug;
		};
		923B9C622A9B88950060FC9F /* Release */ = {
			isa = XCBuildConfiguration;
			buildSettings = {
				ASSETCATALOG_COMPILER_APPICON_NAME = AppIcon;
				ASSETCATALOG_COMPILER_GLOBAL_ACCENT_COLOR_NAME = AccentColor;
				CODE_SIGN_ENTITLEMENTS = Invidious/Invidious.entitlements;
				CODE_SIGN_STYLE = Automatic;
				CURRENT_PROJECT_VERSION = 1;
				DEAD_CODE_STRIPPING = YES;
				DEVELOPMENT_ASSET_PATHS = "\"Invidious/Preview Content\"";
				DEVELOPMENT_TEAM = 3KX6W8KFQP;
				ENABLE_HARDENED_RUNTIME = YES;
				ENABLE_PREVIEWS = YES;
				GENERATE_INFOPLIST_FILE = YES;
				INFOPLIST_FILE = "Tube-Info.plist";
				INFOPLIST_KEY_CFBundleDisplayName = Tube;
				"INFOPLIST_KEY_UIApplicationSceneManifest_Generation[sdk=iphoneos*]" = YES;
				"INFOPLIST_KEY_UIApplicationSceneManifest_Generation[sdk=iphonesimulator*]" = YES;
				"INFOPLIST_KEY_UIApplicationSupportsIndirectInputEvents[sdk=iphoneos*]" = YES;
				"INFOPLIST_KEY_UIApplicationSupportsIndirectInputEvents[sdk=iphonesimulator*]" = YES;
				"INFOPLIST_KEY_UILaunchScreen_Generation[sdk=iphoneos*]" = YES;
				"INFOPLIST_KEY_UILaunchScreen_Generation[sdk=iphonesimulator*]" = YES;
				INFOPLIST_KEY_UIRequiresFullScreen = NO;
				INFOPLIST_KEY_UIStatusBarStyle = "";
				"INFOPLIST_KEY_UIStatusBarStyle[sdk=iphoneos*]" = UIStatusBarStyleDefault;
				"INFOPLIST_KEY_UIStatusBarStyle[sdk=iphonesimulator*]" = UIStatusBarStyleDefault;
				INFOPLIST_KEY_UISupportedInterfaceOrientations_iPad = "UIInterfaceOrientationPortrait UIInterfaceOrientationPortraitUpsideDown UIInterfaceOrientationLandscapeLeft UIInterfaceOrientationLandscapeRight";
				INFOPLIST_KEY_UISupportedInterfaceOrientations_iPhone = "UIInterfaceOrientationPortrait UIInterfaceOrientationLandscapeLeft UIInterfaceOrientationLandscapeRight";
				IPHONEOS_DEPLOYMENT_TARGET = 17.0;
				LD_RUNPATH_SEARCH_PATHS = "@executable_path/Frameworks";
				"LD_RUNPATH_SEARCH_PATHS[sdk=macosx*]" = "@executable_path/../Frameworks";
				MACOSX_DEPLOYMENT_TARGET = 14.0;
				MARKETING_VERSION = 1.0;
				PRODUCT_BUNDLE_IDENTIFIER = dev.peterxjang.Tube;
				PRODUCT_NAME = "$(TARGET_NAME)";
				SDKROOT = auto;
				SUPPORTED_PLATFORMS = "iphoneos iphonesimulator macosx";
				SUPPORTS_MACCATALYST = NO;
				SWIFT_EMIT_LOC_STRINGS = YES;
				SWIFT_VERSION = 5.0;
				TARGETED_DEVICE_FAMILY = "1,2";
			};
			name = Release;
		};
		ACF7FDA82C1CB26400C9EDB9 /* Debug */ = {
			isa = XCBuildConfiguration;
			buildSettings = {
				ASSETCATALOG_COMPILER_APPICON_NAME = "App Icon & Top Shelf Image";
				ASSETCATALOG_COMPILER_GLOBAL_ACCENT_COLOR_NAME = AccentColor;
				CODE_SIGN_STYLE = Automatic;
				CURRENT_PROJECT_VERSION = 1;
				DEVELOPMENT_ASSET_PATHS = "\"tvOSTube/Preview Content\"";
				DEVELOPMENT_TEAM = 3KX6W8KFQP;
				ENABLE_PREVIEWS = YES;
				GENERATE_INFOPLIST_FILE = YES;
				INFOPLIST_KEY_UILaunchScreen_Generation = YES;
				INFOPLIST_KEY_UIUserInterfaceStyle = Automatic;
				LD_RUNPATH_SEARCH_PATHS = (
					"$(inherited)",
					"@executable_path/Frameworks",
				);
				MARKETING_VERSION = 1.0;
				PRODUCT_BUNDLE_IDENTIFIER = peterxjang.tvOSTube;
				PRODUCT_NAME = "$(TARGET_NAME)";
				SDKROOT = appletvos;
				SWIFT_EMIT_LOC_STRINGS = YES;
				SWIFT_VERSION = 5.0;
				TARGETED_DEVICE_FAMILY = 3;
				TVOS_DEPLOYMENT_TARGET = 17.5;
			};
			name = Debug;
		};
		ACF7FDA92C1CB26400C9EDB9 /* Release */ = {
			isa = XCBuildConfiguration;
			buildSettings = {
				ASSETCATALOG_COMPILER_APPICON_NAME = "App Icon & Top Shelf Image";
				ASSETCATALOG_COMPILER_GLOBAL_ACCENT_COLOR_NAME = AccentColor;
				CODE_SIGN_STYLE = Automatic;
				CURRENT_PROJECT_VERSION = 1;
				DEVELOPMENT_ASSET_PATHS = "\"tvOSTube/Preview Content\"";
				DEVELOPMENT_TEAM = 3KX6W8KFQP;
				ENABLE_PREVIEWS = YES;
				GENERATE_INFOPLIST_FILE = YES;
				INFOPLIST_KEY_UILaunchScreen_Generation = YES;
				INFOPLIST_KEY_UIUserInterfaceStyle = Automatic;
				LD_RUNPATH_SEARCH_PATHS = (
					"$(inherited)",
					"@executable_path/Frameworks",
				);
				MARKETING_VERSION = 1.0;
				PRODUCT_BUNDLE_IDENTIFIER = peterxjang.tvOSTube;
				PRODUCT_NAME = "$(TARGET_NAME)";
				SDKROOT = appletvos;
				SWIFT_EMIT_LOC_STRINGS = YES;
				SWIFT_VERSION = 5.0;
				TARGETED_DEVICE_FAMILY = 3;
				TVOS_DEPLOYMENT_TARGET = 17.5;
				VALIDATE_PRODUCT = YES;
			};
			name = Release;
		};
		ACF7FDAB2C1CB26400C9EDB9 /* Debug */ = {
			isa = XCBuildConfiguration;
			buildSettings = {
				ALWAYS_EMBED_SWIFT_STANDARD_LIBRARIES = YES;
				BUNDLE_LOADER = "$(TEST_HOST)";
				CODE_SIGN_STYLE = Automatic;
				CURRENT_PROJECT_VERSION = 1;
				DEVELOPMENT_TEAM = 3KX6W8KFQP;
				GENERATE_INFOPLIST_FILE = YES;
				MARKETING_VERSION = 1.0;
				PRODUCT_BUNDLE_IDENTIFIER = peterxjang.tvOSTubeTests;
				PRODUCT_NAME = "$(TARGET_NAME)";
				SDKROOT = appletvos;
				SWIFT_EMIT_LOC_STRINGS = NO;
				SWIFT_VERSION = 5.0;
				TARGETED_DEVICE_FAMILY = 3;
				TEST_HOST = "$(BUILT_PRODUCTS_DIR)/tvOSTube.app/$(BUNDLE_EXECUTABLE_FOLDER_PATH)/tvOSTube";
				TVOS_DEPLOYMENT_TARGET = 17.5;
			};
			name = Debug;
		};
		ACF7FDAC2C1CB26400C9EDB9 /* Release */ = {
			isa = XCBuildConfiguration;
			buildSettings = {
				ALWAYS_EMBED_SWIFT_STANDARD_LIBRARIES = YES;
				BUNDLE_LOADER = "$(TEST_HOST)";
				CODE_SIGN_STYLE = Automatic;
				CURRENT_PROJECT_VERSION = 1;
				DEVELOPMENT_TEAM = 3KX6W8KFQP;
				GENERATE_INFOPLIST_FILE = YES;
				MARKETING_VERSION = 1.0;
				PRODUCT_BUNDLE_IDENTIFIER = peterxjang.tvOSTubeTests;
				PRODUCT_NAME = "$(TARGET_NAME)";
				SDKROOT = appletvos;
				SWIFT_EMIT_LOC_STRINGS = NO;
				SWIFT_VERSION = 5.0;
				TARGETED_DEVICE_FAMILY = 3;
				TEST_HOST = "$(BUILT_PRODUCTS_DIR)/tvOSTube.app/$(BUNDLE_EXECUTABLE_FOLDER_PATH)/tvOSTube";
				TVOS_DEPLOYMENT_TARGET = 17.5;
				VALIDATE_PRODUCT = YES;
			};
			name = Release;
		};
		ACF7FDAE2C1CB26400C9EDB9 /* Debug */ = {
			isa = XCBuildConfiguration;
			buildSettings = {
				ALWAYS_EMBED_SWIFT_STANDARD_LIBRARIES = YES;
				CODE_SIGN_STYLE = Automatic;
				CURRENT_PROJECT_VERSION = 1;
				DEVELOPMENT_TEAM = 3KX6W8KFQP;
				GENERATE_INFOPLIST_FILE = YES;
				MARKETING_VERSION = 1.0;
				PRODUCT_BUNDLE_IDENTIFIER = peterxjang.tvOSTubeUITests;
				PRODUCT_NAME = "$(TARGET_NAME)";
				SDKROOT = appletvos;
				SWIFT_EMIT_LOC_STRINGS = NO;
				SWIFT_VERSION = 5.0;
				TARGETED_DEVICE_FAMILY = 3;
				TEST_TARGET_NAME = tvOSTube;
				TVOS_DEPLOYMENT_TARGET = 17.5;
			};
			name = Debug;
		};
		ACF7FDAF2C1CB26400C9EDB9 /* Release */ = {
			isa = XCBuildConfiguration;
			buildSettings = {
				ALWAYS_EMBED_SWIFT_STANDARD_LIBRARIES = YES;
				CODE_SIGN_STYLE = Automatic;
				CURRENT_PROJECT_VERSION = 1;
				DEVELOPMENT_TEAM = 3KX6W8KFQP;
				GENERATE_INFOPLIST_FILE = YES;
				MARKETING_VERSION = 1.0;
				PRODUCT_BUNDLE_IDENTIFIER = peterxjang.tvOSTubeUITests;
				PRODUCT_NAME = "$(TARGET_NAME)";
				SDKROOT = appletvos;
				SWIFT_EMIT_LOC_STRINGS = NO;
				SWIFT_VERSION = 5.0;
				TARGETED_DEVICE_FAMILY = 3;
				TEST_TARGET_NAME = tvOSTube;
				TVOS_DEPLOYMENT_TARGET = 17.5;
				VALIDATE_PRODUCT = YES;
			};
			name = Release;
		};
/* End XCBuildConfiguration section */

/* Begin XCConfigurationList section */
		923B9C4C2A9B88920060FC9F /* Build configuration list for PBXProject "Tube" */ = {
			isa = XCConfigurationList;
			buildConfigurations = (
				923B9C5E2A9B88950060FC9F /* Debug */,
				923B9C5F2A9B88950060FC9F /* Release */,
			);
			defaultConfigurationIsVisible = 0;
			defaultConfigurationName = Release;
		};
		923B9C602A9B88950060FC9F /* Build configuration list for PBXNativeTarget "Tube" */ = {
			isa = XCConfigurationList;
			buildConfigurations = (
				923B9C612A9B88950060FC9F /* Debug */,
				923B9C622A9B88950060FC9F /* Release */,
			);
			defaultConfigurationIsVisible = 0;
			defaultConfigurationName = Release;
		};
		ACF7FDA72C1CB26400C9EDB9 /* Build configuration list for PBXNativeTarget "tvOSTube" */ = {
			isa = XCConfigurationList;
			buildConfigurations = (
				ACF7FDA82C1CB26400C9EDB9 /* Debug */,
				ACF7FDA92C1CB26400C9EDB9 /* Release */,
			);
			defaultConfigurationIsVisible = 0;
			defaultConfigurationName = Release;
		};
		ACF7FDAA2C1CB26400C9EDB9 /* Build configuration list for PBXNativeTarget "tvOSTubeTests" */ = {
			isa = XCConfigurationList;
			buildConfigurations = (
				ACF7FDAB2C1CB26400C9EDB9 /* Debug */,
				ACF7FDAC2C1CB26400C9EDB9 /* Release */,
			);
			defaultConfigurationIsVisible = 0;
			defaultConfigurationName = Release;
		};
		ACF7FDAD2C1CB26400C9EDB9 /* Build configuration list for PBXNativeTarget "tvOSTubeUITests" */ = {
			isa = XCConfigurationList;
			buildConfigurations = (
				ACF7FDAE2C1CB26400C9EDB9 /* Debug */,
				ACF7FDAF2C1CB26400C9EDB9 /* Release */,
			);
			defaultConfigurationIsVisible = 0;
			defaultConfigurationName = Release;
		};
/* End XCConfigurationList section */

/* Begin XCLocalSwiftPackageReference section */
		ACF7FDB12C1CB50200C9EDB9 /* XCLocalSwiftPackageReference "InvidiousKit" */ = {
			isa = XCLocalSwiftPackageReference;
			relativePath = InvidiousKit;
		};
/* End XCLocalSwiftPackageReference section */

/* Begin XCSwiftPackageProductDependency section */
		923B9C712A9BA0A80060FC9F /* InvidiousKit */ = {
			isa = XCSwiftPackageProductDependency;
			productName = InvidiousKit;
		};
		ACF7FDB22C1CB50200C9EDB9 /* InvidiousKit */ = {
			isa = XCSwiftPackageProductDependency;
			productName = InvidiousKit;
		};
/* End XCSwiftPackageProductDependency section */
	};
	rootObject = 923B9C492A9B88920060FC9F /* Project object */;
}
